
Microsoft Visual Studio Solution File, Format Version 12.00
# Visual Studio Version 17
VisualStudioVersion = 17.3.32901.215
MinimumVisualStudioVersion = 10.0.40219.1
Project("{FAE04EC0-301F-11D3-BF4B-00C04F79EFBC}") = "prjPopulation", "prjPopulation\prjPopulation.csproj", "{342CF956-4EB1-44F1-9D81-000EA0E837FF}"
EndProject
Global
	GlobalSection(SolutionConfigurationPlatforms) = preSolution
		Debug|Any CPU = Debug|Any CPU
		Release|Any CPU = Release|Any CPU
	EndGlobalSection
	GlobalSection(ProjectConfigurationPlatforms) = postSolution
		{342CF956-4EB1-44F1-9D81-000EA0E837FF}.Debug|Any CPU.ActiveCfg = Debug|Any CPU
		{342CF956-4EB1-44F1-9D81-000EA0E837FF}.Debug|Any CPU.Build.0 = Debug|Any CPU
		{342CF956-4EB1-44F1-9D81-000EA0E837FF}.Release|Any CPU.ActiveCfg = Release|Any CPU
		{342CF956-4EB1-44F1-9D81-000EA0E837FF}.Release|Any CPU.Build.0 = Release|Any CPU
	EndGlobalSection
	GlobalSection(SolutionProperties) = preSolution
		HideSolutionNode = FALSE
	EndGlobalSection
	GlobalSection(ExtensibilityGlobals) = postSolution
		SolutionGuid = {815ACB94-5F34-423E-B80D-F0417BC5C9D9}
	EndGlobalSection
EndGlobal
